
Microsoft Visual Studio Solution File, Format Version 12.00
Project("{FAE04EC0-301F-11D3-BF4B-00C04F79EFBC}") = "L01_HelloWorldDataTypes", "L01_HelloWorldDataTypes\L01_HelloWorldDataTypes.csproj", "{5D1FBCE0-C812-4088-902E-F090CCEFFDE3}"
EndProject
Project("{FAE04EC0-301F-11D3-BF4B-00C04F79EFBC}") = "L02_FlowControl", "L02_FlowControl\L02_FlowControl.csproj", "{09390DC9-52C4-4C06-B692-96E7CABCF04F}"
EndProject
Project("{FAE04EC0-301F-11D3-BF4B-00C04F79EFBC}") = "L03_Arrays", "L03_Arrays\L03_Arrays.csproj", "{6D449B6D-E1B3-420B-B271-4246ACC18080}"
EndProject
Project("{FAE04EC0-301F-11D3-BF4B-00C04F79EFBC}") = "Handledning1019", "Handledning1019\Handledning1019.csproj", "{D921555A-D9EB-4C77-9A4F-6F01C21AD494}"
EndProject
Project("{FAE04EC0-301F-11D3-BF4B-00C04F79EFBC}") = "Repetition1020", "Repetition1020\Repetition1020.csproj", "{A2DB6B7E-D96C-4CD4-A673-4E6AE0E7BA4F}"
EndProject
Global
	GlobalSection(SolutionConfigurationPlatforms) = preSolution
		Debug|Any CPU = Debug|Any CPU
		Release|Any CPU = Release|Any CPU
	EndGlobalSection
	GlobalSection(ProjectConfigurationPlatforms) = postSolution
		{5D1FBCE0-C812-4088-902E-F090CCEFFDE3}.Debug|Any CPU.ActiveCfg = Debug|Any CPU
		{5D1FBCE0-C812-4088-902E-F090CCEFFDE3}.Debug|Any CPU.Build.0 = Debug|Any CPU
		{5D1FBCE0-C812-4088-902E-F090CCEFFDE3}.Release|Any CPU.ActiveCfg = Release|Any CPU
		{5D1FBCE0-C812-4088-902E-F090CCEFFDE3}.Release|Any CPU.Build.0 = Release|Any CPU
		{09390DC9-52C4-4C06-B692-96E7CABCF04F}.Debug|Any CPU.ActiveCfg = Debug|Any CPU
		{09390DC9-52C4-4C06-B692-96E7CABCF04F}.Debug|Any CPU.Build.0 = Debug|Any CPU
		{09390DC9-52C4-4C06-B692-96E7CABCF04F}.Release|Any CPU.ActiveCfg = Release|Any CPU
		{09390DC9-52C4-4C06-B692-96E7CABCF04F}.Release|Any CPU.Build.0 = Release|Any CPU
		{6D449B6D-E1B3-420B-B271-4246ACC18080}.Debug|Any CPU.ActiveCfg = Debug|Any CPU
		{6D449B6D-E1B3-420B-B271-4246ACC18080}.Debug|Any CPU.Build.0 = Debug|Any CPU
		{6D449B6D-E1B3-420B-B271-4246ACC18080}.Release|Any CPU.ActiveCfg = Release|Any CPU
		{6D449B6D-E1B3-420B-B271-4246ACC18080}.Release|Any CPU.Build.0 = Release|Any CPU
		{D921555A-D9EB-4C77-9A4F-6F01C21AD494}.Debug|Any CPU.ActiveCfg = Debug|Any CPU
		{D921555A-D9EB-4C77-9A4F-6F01C21AD494}.Debug|Any CPU.Build.0 = Debug|Any CPU
		{D921555A-D9EB-4C77-9A4F-6F01C21AD494}.Release|Any CPU.ActiveCfg = Release|Any CPU
		{D921555A-D9EB-4C77-9A4F-6F01C21AD494}.Release|Any CPU.Build.0 = Release|Any CPU
		{A2DB6B7E-D96C-4CD4-A673-4E6AE0E7BA4F}.Debug|Any CPU.ActiveCfg = Debug|Any CPU
		{A2DB6B7E-D96C-4CD4-A673-4E6AE0E7BA4F}.Debug|Any CPU.Build.0 = Debug|Any CPU
		{A2DB6B7E-D96C-4CD4-A673-4E6AE0E7BA4F}.Release|Any CPU.ActiveCfg = Release|Any CPU
		{A2DB6B7E-D96C-4CD4-A673-4E6AE0E7BA4F}.Release|Any CPU.Build.0 = Release|Any CPU
	EndGlobalSection
EndGlobal
