
Microsoft Visual Studio Solution File, Format Version 12.00
Project("{FAE04EC0-301F-11D3-BF4B-00C04F79EFBC}") = "L01_HelloWorldDataTypes", "L01_HelloWorldDataTypes\L01_HelloWorldDataTypes.csproj", "{5D1FBCE0-C812-4088-902E-F090CCEFFDE3}"
EndProject
Project("{FAE04EC0-301F-11D3-BF4B-00C04F79EFBC}") = "L02FlowControl", "L02FlowControl\L02FlowControl.csproj", "{09390DC9-52C4-4C06-B692-96E7CABCF04F}"
EndProject
Global
	GlobalSection(SolutionConfigurationPlatforms) = preSolution
		Debug|Any CPU = Debug|Any CPU
		Release|Any CPU = Release|Any CPU
	EndGlobalSection
	GlobalSection(ProjectConfigurationPlatforms) = postSolution
		{5D1FBCE0-C812-4088-902E-F090CCEFFDE3}.Debug|Any CPU.ActiveCfg = Debug|Any CPU
		{5D1FBCE0-C812-4088-902E-F090CCEFFDE3}.Debug|Any CPU.Build.0 = Debug|Any CPU
		{5D1FBCE0-C812-4088-902E-F090CCEFFDE3}.Release|Any CPU.ActiveCfg = Release|Any CPU
		{5D1FBCE0-C812-4088-902E-F090CCEFFDE3}.Release|Any CPU.Build.0 = Release|Any CPU
		{09390DC9-52C4-4C06-B692-96E7CABCF04F}.Debug|Any CPU.ActiveCfg = Debug|Any CPU
		{09390DC9-52C4-4C06-B692-96E7CABCF04F}.Debug|Any CPU.Build.0 = Debug|Any CPU
		{09390DC9-52C4-4C06-B692-96E7CABCF04F}.Release|Any CPU.ActiveCfg = Release|Any CPU
		{09390DC9-52C4-4C06-B692-96E7CABCF04F}.Release|Any CPU.Build.0 = Release|Any CPU
	EndGlobalSection
EndGlobal
