
Microsoft Visual Studio Solution File, Format Version 12.00
Project("{FAE04EC0-301F-11D3-BF4B-00C04F79EFBC}") = "L01_HelloWorldDataTypes", "L01_HelloWorldDataTypes\L01_HelloWorldDataTypes.csproj", "{5D1FBCE0-C812-4088-902E-F090CCEFFDE3}"
EndProject
Project("{FAE04EC0-301F-11D3-BF4B-00C04F79EFBC}") = "L02_FlowControl", "L02_FlowControl\L02_FlowControl.csproj", "{09390DC9-52C4-4C06-B692-96E7CABCF04F}"
EndProject
Project("{FAE04EC0-301F-11D3-BF4B-00C04F79EFBC}") = "L03_Arrays", "L03_Arrays\L03_Arrays.csproj", "{6D449B6D-E1B3-420B-B271-4246ACC18080}"
EndProject
Project("{FAE04EC0-301F-11D3-BF4B-00C04F79EFBC}") = "Handledning1019", "Handledning1019\Handledning1019.csproj", "{D921555A-D9EB-4C77-9A4F-6F01C21AD494}"
EndProject
Project("{FAE04EC0-301F-11D3-BF4B-00C04F79EFBC}") = "Repetition1020", "Repetition1020\Repetition1020.csproj", "{A2DB6B7E-D96C-4CD4-A673-4E6AE0E7BA4F}"
EndProject
Project("{FAE04EC0-301F-11D3-BF4B-00C04F79EFBC}") = "ProgsharpSolutions", "ProgsharpSolutions\ProgsharpSolutions.csproj", "{4563BA15-A3FB-499D-A505-B789D53EC8B7}"
EndProject
Project("{FAE04EC0-301F-11D3-BF4B-00C04F79EFBC}") = "L04_Recursion", "L04_Recursion\L04_Recursion.csproj", "{D202D039-3E47-45CC-9276-F81CC12D64DF}"
EndProject
Project("{2150E333-8FDC-42A3-9474-1A3956D46DE8}") = "Handledning", "Handledning", "{559F01C0-9B1F-409A-8A3F-E1D1509D2213}"
EndProject
Project("{FAE04EC0-301F-11D3-BF4B-00C04F79EFBC}") = "L05_Classes", "L05_Classes\L05_Classes.csproj", "{8F8E4526-29E9-45F0-BB6B-EEBC44DB5BE7}"
EndProject
Project("{2150E333-8FDC-42A3-9474-1A3956D46DE8}") = "Repetition", "Repetition", "{6756DB07-DF9A-4887-A0C3-2E71ACEFB08C}"
EndProject
Project("{FAE04EC0-301F-11D3-BF4B-00C04F79EFBC}") = "L06_Inheritance", "L06_Inheritance\L06_Inheritance.csproj", "{E075E3E0-DA9B-4455-AE43-2A5184AA8EBF}"
EndProject
Project("{FAE04EC0-301F-11D3-BF4B-00C04F79EFBC}") = "Handledning1104", "Handledning1104\Handledning1104.csproj", "{32B903FA-EF61-4631-BC32-B41EBEA37ACC}"
EndProject
Project("{FAE04EC0-301F-11D3-BF4B-00C04F79EFBC}") = "L07_Interfaces", "L07_Interfaces\L07_Interfaces.csproj", "{C7E8634D-E0CA-4FB2-8024-575F6F01933E}"
EndProject
Global
	GlobalSection(SolutionConfigurationPlatforms) = preSolution
		Debug|Any CPU = Debug|Any CPU
		Release|Any CPU = Release|Any CPU
	EndGlobalSection
	GlobalSection(ProjectConfigurationPlatforms) = postSolution
		{5D1FBCE0-C812-4088-902E-F090CCEFFDE3}.Debug|Any CPU.ActiveCfg = Debug|Any CPU
		{5D1FBCE0-C812-4088-902E-F090CCEFFDE3}.Debug|Any CPU.Build.0 = Debug|Any CPU
		{5D1FBCE0-C812-4088-902E-F090CCEFFDE3}.Release|Any CPU.ActiveCfg = Release|Any CPU
		{5D1FBCE0-C812-4088-902E-F090CCEFFDE3}.Release|Any CPU.Build.0 = Release|Any CPU
		{09390DC9-52C4-4C06-B692-96E7CABCF04F}.Debug|Any CPU.ActiveCfg = Debug|Any CPU
		{09390DC9-52C4-4C06-B692-96E7CABCF04F}.Debug|Any CPU.Build.0 = Debug|Any CPU
		{09390DC9-52C4-4C06-B692-96E7CABCF04F}.Release|Any CPU.ActiveCfg = Release|Any CPU
		{09390DC9-52C4-4C06-B692-96E7CABCF04F}.Release|Any CPU.Build.0 = Release|Any CPU
		{6D449B6D-E1B3-420B-B271-4246ACC18080}.Debug|Any CPU.ActiveCfg = Debug|Any CPU
		{6D449B6D-E1B3-420B-B271-4246ACC18080}.Debug|Any CPU.Build.0 = Debug|Any CPU
		{6D449B6D-E1B3-420B-B271-4246ACC18080}.Release|Any CPU.ActiveCfg = Release|Any CPU
		{6D449B6D-E1B3-420B-B271-4246ACC18080}.Release|Any CPU.Build.0 = Release|Any CPU
		{D921555A-D9EB-4C77-9A4F-6F01C21AD494}.Debug|Any CPU.ActiveCfg = Debug|Any CPU
		{D921555A-D9EB-4C77-9A4F-6F01C21AD494}.Debug|Any CPU.Build.0 = Debug|Any CPU
		{D921555A-D9EB-4C77-9A4F-6F01C21AD494}.Release|Any CPU.ActiveCfg = Release|Any CPU
		{D921555A-D9EB-4C77-9A4F-6F01C21AD494}.Release|Any CPU.Build.0 = Release|Any CPU
		{A2DB6B7E-D96C-4CD4-A673-4E6AE0E7BA4F}.Debug|Any CPU.ActiveCfg = Debug|Any CPU
		{A2DB6B7E-D96C-4CD4-A673-4E6AE0E7BA4F}.Debug|Any CPU.Build.0 = Debug|Any CPU
		{A2DB6B7E-D96C-4CD4-A673-4E6AE0E7BA4F}.Release|Any CPU.ActiveCfg = Release|Any CPU
		{A2DB6B7E-D96C-4CD4-A673-4E6AE0E7BA4F}.Release|Any CPU.Build.0 = Release|Any CPU
		{4563BA15-A3FB-499D-A505-B789D53EC8B7}.Debug|Any CPU.ActiveCfg = Debug|Any CPU
		{4563BA15-A3FB-499D-A505-B789D53EC8B7}.Debug|Any CPU.Build.0 = Debug|Any CPU
		{4563BA15-A3FB-499D-A505-B789D53EC8B7}.Release|Any CPU.ActiveCfg = Release|Any CPU
		{4563BA15-A3FB-499D-A505-B789D53EC8B7}.Release|Any CPU.Build.0 = Release|Any CPU
		{D202D039-3E47-45CC-9276-F81CC12D64DF}.Debug|Any CPU.ActiveCfg = Debug|Any CPU
		{D202D039-3E47-45CC-9276-F81CC12D64DF}.Debug|Any CPU.Build.0 = Debug|Any CPU
		{D202D039-3E47-45CC-9276-F81CC12D64DF}.Release|Any CPU.ActiveCfg = Release|Any CPU
		{D202D039-3E47-45CC-9276-F81CC12D64DF}.Release|Any CPU.Build.0 = Release|Any CPU
		{8F8E4526-29E9-45F0-BB6B-EEBC44DB5BE7}.Debug|Any CPU.ActiveCfg = Debug|Any CPU
		{8F8E4526-29E9-45F0-BB6B-EEBC44DB5BE7}.Debug|Any CPU.Build.0 = Debug|Any CPU
		{8F8E4526-29E9-45F0-BB6B-EEBC44DB5BE7}.Release|Any CPU.ActiveCfg = Release|Any CPU
		{8F8E4526-29E9-45F0-BB6B-EEBC44DB5BE7}.Release|Any CPU.Build.0 = Release|Any CPU
		{E075E3E0-DA9B-4455-AE43-2A5184AA8EBF}.Debug|Any CPU.ActiveCfg = Debug|Any CPU
		{E075E3E0-DA9B-4455-AE43-2A5184AA8EBF}.Debug|Any CPU.Build.0 = Debug|Any CPU
		{E075E3E0-DA9B-4455-AE43-2A5184AA8EBF}.Release|Any CPU.ActiveCfg = Release|Any CPU
		{E075E3E0-DA9B-4455-AE43-2A5184AA8EBF}.Release|Any CPU.Build.0 = Release|Any CPU
		{32B903FA-EF61-4631-BC32-B41EBEA37ACC}.Debug|Any CPU.ActiveCfg = Debug|Any CPU
		{32B903FA-EF61-4631-BC32-B41EBEA37ACC}.Debug|Any CPU.Build.0 = Debug|Any CPU
		{32B903FA-EF61-4631-BC32-B41EBEA37ACC}.Release|Any CPU.ActiveCfg = Release|Any CPU
		{32B903FA-EF61-4631-BC32-B41EBEA37ACC}.Release|Any CPU.Build.0 = Release|Any CPU
		{C7E8634D-E0CA-4FB2-8024-575F6F01933E}.Debug|Any CPU.ActiveCfg = Debug|Any CPU
		{C7E8634D-E0CA-4FB2-8024-575F6F01933E}.Debug|Any CPU.Build.0 = Debug|Any CPU
		{C7E8634D-E0CA-4FB2-8024-575F6F01933E}.Release|Any CPU.ActiveCfg = Release|Any CPU
		{C7E8634D-E0CA-4FB2-8024-575F6F01933E}.Release|Any CPU.Build.0 = Release|Any CPU
	EndGlobalSection
	GlobalSection(NestedProjects) = preSolution
		{D921555A-D9EB-4C77-9A4F-6F01C21AD494} = {559F01C0-9B1F-409A-8A3F-E1D1509D2213}
		{A2DB6B7E-D96C-4CD4-A673-4E6AE0E7BA4F} = {6756DB07-DF9A-4887-A0C3-2E71ACEFB08C}
		{32B903FA-EF61-4631-BC32-B41EBEA37ACC} = {559F01C0-9B1F-409A-8A3F-E1D1509D2213}
	EndGlobalSection
EndGlobal
